<Solution>
  <Project Path="../GestionStock.Application/GestionStock.Application/GestionStock.Application.csproj" />
  <Project Path="../GestionStock.Domain/GestionStock.Domain/GestionStock.Domain.csproj" />
  <Project Path="GestionStock.Infrastructure/GestionStock.Infrastructure.csproj" />
</Solution>
